
Microsoft Visual Studio Solution File, Format Version 12.00
# Visual Studio Version 17
VisualStudioVersion = 17.10.35013.160
MinimumVisualStudioVersion = 10.0.40219.1
Project("{FAE04EC0-301F-11D3-BF4B-00C04F79EFBC}") = "Hate-Same-Number", "Hate-Same-Number.csproj", "{32E5CC09-BF22-43F1-85E1-9C25EC43D31C}"
EndProject
Global
	GlobalSection(SolutionConfigurationPlatforms) = preSolution
		Debug|Any CPU = Debug|Any CPU
		Release|Any CPU = Release|Any CPU
	EndGlobalSection
	GlobalSection(ProjectConfigurationPlatforms) = postSolution
		{32E5CC09-BF22-43F1-85E1-9C25EC43D31C}.Debug|Any CPU.ActiveCfg = Debug|Any CPU
		{32E5CC09-BF22-43F1-85E1-9C25EC43D31C}.Debug|Any CPU.Build.0 = Debug|Any CPU
		{32E5CC09-BF22-43F1-85E1-9C25EC43D31C}.Release|Any CPU.ActiveCfg = Release|Any CPU
		{32E5CC09-BF22-43F1-85E1-9C25EC43D31C}.Release|Any CPU.Build.0 = Release|Any CPU
	EndGlobalSection
	GlobalSection(SolutionProperties) = preSolution
		HideSolutionNode = FALSE
	EndGlobalSection
	GlobalSection(ExtensibilityGlobals) = postSolution
		SolutionGuid = {DB64D1D5-801E-44CE-9BB3-8338ADF553CD}
	EndGlobalSection
EndGlobal
