
Microsoft Visual Studio Solution File, Format Version 12.00
# Visual Studio Version 17
VisualStudioVersion = 17.10.35013.160
MinimumVisualStudioVersion = 10.0.40219.1
Project("{FAE04EC0-301F-11D3-BF4B-00C04F79EFBC}") = "240722-Static", "240722-Static.csproj", "{92AFD960-0109-4AA8-B83A-93748393FDAD}"
EndProject
Global
	GlobalSection(SolutionConfigurationPlatforms) = preSolution
		Debug|Any CPU = Debug|Any CPU
		Release|Any CPU = Release|Any CPU
	EndGlobalSection
	GlobalSection(ProjectConfigurationPlatforms) = postSolution
		{92AFD960-0109-4AA8-B83A-93748393FDAD}.Debug|Any CPU.ActiveCfg = Debug|Any CPU
		{92AFD960-0109-4AA8-B83A-93748393FDAD}.Debug|Any CPU.Build.0 = Debug|Any CPU
		{92AFD960-0109-4AA8-B83A-93748393FDAD}.Release|Any CPU.ActiveCfg = Release|Any CPU
		{92AFD960-0109-4AA8-B83A-93748393FDAD}.Release|Any CPU.Build.0 = Release|Any CPU
	EndGlobalSection
	GlobalSection(SolutionProperties) = preSolution
		HideSolutionNode = FALSE
	EndGlobalSection
	GlobalSection(ExtensibilityGlobals) = postSolution
		SolutionGuid = {7AA585D3-C7BC-4CD5-901E-FFE440525FFF}
	EndGlobalSection
EndGlobal
