
Microsoft Visual Studio Solution File, Format Version 12.00
# Visual Studio Version 17
VisualStudioVersion = 17.10.35013.160
MinimumVisualStudioVersion = 10.0.40219.1
Project("{FAE04EC0-301F-11D3-BF4B-00C04F79EFBC}") = "parameter-exchange", "parameter-exchange.csproj", "{43C10548-E0FC-4B15-933D-125EB48F8F36}"
EndProject
Global
	GlobalSection(SolutionConfigurationPlatforms) = preSolution
		Debug|Any CPU = Debug|Any CPU
		Release|Any CPU = Release|Any CPU
	EndGlobalSection
	GlobalSection(ProjectConfigurationPlatforms) = postSolution
		{43C10548-E0FC-4B15-933D-125EB48F8F36}.Debug|Any CPU.ActiveCfg = Debug|Any CPU
		{43C10548-E0FC-4B15-933D-125EB48F8F36}.Debug|Any CPU.Build.0 = Debug|Any CPU
		{43C10548-E0FC-4B15-933D-125EB48F8F36}.Release|Any CPU.ActiveCfg = Release|Any CPU
		{43C10548-E0FC-4B15-933D-125EB48F8F36}.Release|Any CPU.Build.0 = Release|Any CPU
	EndGlobalSection
	GlobalSection(SolutionProperties) = preSolution
		HideSolutionNode = FALSE
	EndGlobalSection
	GlobalSection(ExtensibilityGlobals) = postSolution
		SolutionGuid = {A20FDA06-28C5-4BB1-AF89-D6CE2BEB6D0B}
	EndGlobalSection
EndGlobal
