
Microsoft Visual Studio Solution File, Format Version 12.00
# Visual Studio Version 17
VisualStudioVersion = 17.10.35013.160
MinimumVisualStudioVersion = 10.0.40219.1
Project("{FAE04EC0-301F-11D3-BF4B-00C04F79EFBC}") = "240724-Generic", "240724-Generic.csproj", "{AAD6A0E2-6EE5-4B44-92F2-A1881462C8E7}"
EndProject
Global
	GlobalSection(SolutionConfigurationPlatforms) = preSolution
		Debug|Any CPU = Debug|Any CPU
		Release|Any CPU = Release|Any CPU
	EndGlobalSection
	GlobalSection(ProjectConfigurationPlatforms) = postSolution
		{AAD6A0E2-6EE5-4B44-92F2-A1881462C8E7}.Debug|Any CPU.ActiveCfg = Debug|Any CPU
		{AAD6A0E2-6EE5-4B44-92F2-A1881462C8E7}.Debug|Any CPU.Build.0 = Debug|Any CPU
		{AAD6A0E2-6EE5-4B44-92F2-A1881462C8E7}.Release|Any CPU.ActiveCfg = Release|Any CPU
		{AAD6A0E2-6EE5-4B44-92F2-A1881462C8E7}.Release|Any CPU.Build.0 = Release|Any CPU
	EndGlobalSection
	GlobalSection(SolutionProperties) = preSolution
		HideSolutionNode = FALSE
	EndGlobalSection
	GlobalSection(ExtensibilityGlobals) = postSolution
		SolutionGuid = {2C63665A-3268-4A4F-88D4-8240AEEBED20}
	EndGlobalSection
EndGlobal
